
Microsoft Visual Studio Solution File, Format Version 12.00
# Visual Studio Version 17
VisualStudioVersion = 17.14.36429.23 d17.14
MinimumVisualStudioVersion = 10.0.40219.1
Project("{FAE04EC0-301F-11D3-BF4B-00C04F79EFBC}") = "WaterBill", "WaterBill\WaterBill.csproj", "{B74D5A50-DEB0-49FA-8797-CEA166F55821}"
EndProject
Global
	GlobalSection(SolutionConfigurationPlatforms) = preSolution
		Debug|Any CPU = Debug|Any CPU
		Release|Any CPU = Release|Any CPU
	EndGlobalSection
	GlobalSection(ProjectConfigurationPlatforms) = postSolution
		{B74D5A50-DEB0-49FA-8797-CEA166F55821}.Debug|Any CPU.ActiveCfg = Debug|Any CPU
		{B74D5A50-DEB0-49FA-8797-CEA166F55821}.Debug|Any CPU.Build.0 = Debug|Any CPU
		{B74D5A50-DEB0-49FA-8797-CEA166F55821}.Release|Any CPU.ActiveCfg = Release|Any CPU
		{B74D5A50-DEB0-49FA-8797-CEA166F55821}.Release|Any CPU.Build.0 = Release|Any CPU
	EndGlobalSection
	GlobalSection(SolutionProperties) = preSolution
		HideSolutionNode = FALSE
	EndGlobalSection
	GlobalSection(ExtensibilityGlobals) = postSolution
		SolutionGuid = {D161802B-4561-44F3-A3FA-A9776A7B2625}
	EndGlobalSection
EndGlobal
